
Microsoft Visual Studio Solution File, Format Version 12.00
# Visual Studio Version 17
VisualStudioVersion = 17.4.33213.308
MinimumVisualStudioVersion = 10.0.40219.1
Project("{6EC3EE1D-3C4E-46DD-8F32-0CC8E7565705}") = "CSV_validator", "CSV_validator.fsproj", "{6E1DC5EB-A303-49B7-9B0D-6BA6AC40C306}"
EndProject
Global
	GlobalSection(SolutionConfigurationPlatforms) = preSolution
		Debug|Any CPU = Debug|Any CPU
		Release|Any CPU = Release|Any CPU
	EndGlobalSection
	GlobalSection(ProjectConfigurationPlatforms) = postSolution
		{6E1DC5EB-A303-49B7-9B0D-6BA6AC40C306}.Debug|Any CPU.ActiveCfg = Debug|Any CPU
		{6E1DC5EB-A303-49B7-9B0D-6BA6AC40C306}.Debug|Any CPU.Build.0 = Debug|Any CPU
		{6E1DC5EB-A303-49B7-9B0D-6BA6AC40C306}.Release|Any CPU.ActiveCfg = Release|Any CPU
		{6E1DC5EB-A303-49B7-9B0D-6BA6AC40C306}.Release|Any CPU.Build.0 = Release|Any CPU
	EndGlobalSection
	GlobalSection(SolutionProperties) = preSolution
		HideSolutionNode = FALSE
	EndGlobalSection
	GlobalSection(ExtensibilityGlobals) = postSolution
		SolutionGuid = {7C02EEBB-256C-437B-BC8F-6EE6106ECF6B}
	EndGlobalSection
EndGlobal
